{
    "version": 3,
    "terraform_version": "0.10.4",
    "serial": 1,
    "lineage": "38333a26-a1cd-4f9a-aeac-5ea5fdbbe314",
    "modules": [
        {
            "path": [
                "root"
            ],
            "outputs": {},
            "resources": {
                "aws_eip.dev": {
                    "type": "aws_eip",
                    "depends_on": [],
                    "primary": {
                        "id": "eipalloc-0af9128c4befef89a",
                        "attributes": {
                            "association_id": "",
                            "domain": "vpc",
                            "id": "eipalloc-0af9128c4befef89a",
                            "instance": "",
                            "network_interface": "",
                            "private_ip": "",
                            "public_ip": "52.55.107.165",
                            "public_ipv4_pool": "amazon",
                            "tags.%": "0",
                            "vpc": "true"
                        },
                        "meta": {
                            "e2bfb730-ecaa-11e6-8f88-34363bc7c4c0": {
                                "delete": 180000000000,
                                "read": 900000000000,
                                "update": 300000000000
                            }
                        },
                        "tainted": false
                    },
                    "deposed": [],
                    "provider": ""
                },
                "aws_eip_association.eip_assoc": {
                    "type": "aws_eip_association",
                    "depends_on": [
                        "aws_eip.dev",
                        "aws_instance.web"
                    ],
                    "primary": {
                        "id": "eipassoc-0f19750ba0d15448b",
                        "attributes": {
                            "allocation_id": "eipalloc-0af9128c4befef89a",
                            "id": "eipassoc-0f19750ba0d15448b",
                            "instance_id": "i-00d7982990f1062c3",
                            "network_interface_id": "eni-03c69cad08779b1f9",
                            "private_ip_address": "172.31.92.156",
                            "public_ip": "52.55.107.165"
                        },
                        "meta": {},
                        "tainted": false
                    },
                    "deposed": [],
                    "provider": ""
                },
                "aws_instance.web": {
                    "type": "aws_instance",
                    "depends_on": [
                        "aws_key_pair.auth",
                        "aws_security_group.default"
                    ],
                    "primary": {
                        "id": "i-00d7982990f1062c3",
                        "attributes": {
                            "ami": "ami-759bc50a",
                            "arn": "arn:aws:ec2:us-east-1:443796347332:instance/i-00d7982990f1062c3",
                            "associate_public_ip_address": "true",
                            "availability_zone": "us-east-1c",
                            "cpu_core_count": "1",
                            "cpu_threads_per_core": "1",
                            "credit_specification.#": "1",
                            "credit_specification.0.cpu_credits": "standard",
                            "disable_api_termination": "false",
                            "ebs_block_device.#": "1",
                            "ebs_block_device.2659407853.delete_on_termination": "true",
                            "ebs_block_device.2659407853.device_name": "/dev/sdf",
                            "ebs_block_device.2659407853.encrypted": "false",
                            "ebs_block_device.2659407853.iops": "100",
                            "ebs_block_device.2659407853.snapshot_id": "",
                            "ebs_block_device.2659407853.volume_id": "vol-047f286620bd0a52f",
                            "ebs_block_device.2659407853.volume_size": "30",
                            "ebs_block_device.2659407853.volume_type": "gp2",
                            "ebs_optimized": "false",
                            "ephemeral_block_device.#": "0",
                            "get_password_data": "false",
                            "iam_instance_profile": "",
                            "id": "i-00d7982990f1062c3",
                            "instance_state": "running",
                            "instance_type": "t2.micro",
                            "ipv6_addresses.#": "0",
                            "key_name": "id_rsa",
                            "monitoring": "true",
                            "network_interface.#": "0",
                            "network_interface_id": "eni-03c69cad08779b1f9",
                            "password_data": "",
                            "placement_group": "",
                            "primary_network_interface_id": "eni-03c69cad08779b1f9",
                            "private_dns": "ip-172-31-92-156.ec2.internal",
                            "private_ip": "172.31.92.156",
                            "public_dns": "ec2-54-159-199-81.compute-1.amazonaws.com",
                            "public_ip": "54.159.199.81",
                            "root_block_device.#": "1",
                            "root_block_device.0.delete_on_termination": "true",
                            "root_block_device.0.iops": "100",
                            "root_block_device.0.volume_id": "vol-0f4390aae7d86f8e4",
                            "root_block_device.0.volume_size": "20",
                            "root_block_device.0.volume_type": "gp2",
                            "security_groups.#": "1",
                            "security_groups.2298233383": "beacon-sg",
                            "source_dest_check": "true",
                            "subnet_id": "subnet-a8325b86",
                            "tags.%": "1",
                            "tags.Name": "beacon dev/qa",
                            "tenancy": "default",
                            "volume_tags.%": "0",
                            "vpc_security_group_ids.#": "1",
                            "vpc_security_group_ids.4003159956": "sg-03679c708cccade86"
                        },
                        "meta": {
                            "e2bfb730-ecaa-11e6-8f88-34363bc7c4c0": {
                                "create": 600000000000,
                                "delete": 1200000000000,
                                "update": 600000000000
                            },
                            "schema_version": "1"
                        },
                        "tainted": false
                    },
                    "deposed": [],
                    "provider": ""
                },
                "aws_key_pair.auth": {
                    "type": "aws_key_pair",
                    "depends_on": [],
                    "primary": {
                        "id": "id_rsa",
                        "attributes": {
                            "fingerprint": "aa:e8:7d:fe:03:39:70:c5:c1:60:d3:f7:13:f9:d4:7c",
                            "id": "id_rsa",
                            "key_name": "id_rsa",
                            "public_key": "ssh-rsa AAAAB3NzaC1yc2EAAAADAQABAAACAQC4FuhGRnmFiGld95IIEukaPmpO7Rm39pMTv2OLmo3y8yqGerOIeY+OaPv6QZXScxxSYAW2fV7aBJkg7D9jb/ZvMqcVs3PRSOwIz94KbuihZOp8gS+MFcefx2B/2xosdHQ8FsQ4fvFL75qV61IMf2JWCsl8Y5LGzDmaBf0gqSV2l/CZcqKwp/BaxoPvz00wRFTCndn7XPBQ5BcYF6IiwOs03dFp4xHnut8XsylQrvZNbRsH1mEaoCqrzGFQzAshIlNQe4+Yg9DorwvU7AOkFvJnmHDHX6c4WJZGYqsnLA0rGJojQuuk0My9c0k1KM0ms0naeHOHuIDh8JhjFH4JnKfP7h8FDxT0/F4KX1wqkC26WnhSINQ0PD6NVoAbB5rEflmhnt4CtFP4V5BiHPUtB6Y0UqlDjHKxNVLPb3G0lUOUF4cu4sMmqtVqA+HKBWhnzQ5B4FwJO+8SXUS99S6s1DbIDxAmh7ctmjLbl046QQIwqTLTj/w7YAAv93l7YC1MIncWnV7hiKcuwdzzKQ/3VRegmz7kd1Via37RvhOtdcsEcMZM4c9Kde+sW0xo7XVd1KK5rIUoDllEH0d8pEf2q7KaNvCGYSzTuWVxClEvAKfaDkMgKkwbFJq0ZjI3Ix4yOlFVKmc5619BqrOniTOu9BXOE+8/5bizkQHMjg9Isqv06Q== jainmickey93@gmail.com"
                        },
                        "meta": {
                            "schema_version": "1"
                        },
                        "tainted": false
                    },
                    "deposed": [],
                    "provider": ""
                },
                "aws_security_group.default": {
                    "type": "aws_security_group",
                    "depends_on": [],
                    "primary": {
                        "id": "sg-03679c708cccade86",
                        "attributes": {
                            "arn": "arn:aws:ec2:us-east-1:443796347332:security-group/sg-03679c708cccade86",
                            "description": "Dev/QA security group for beacon",
                            "egress.#": "1",
                            "egress.482069346.cidr_blocks.#": "1",
                            "egress.482069346.cidr_blocks.0": "0.0.0.0/0",
                            "egress.482069346.description": "",
                            "egress.482069346.from_port": "0",
                            "egress.482069346.ipv6_cidr_blocks.#": "0",
                            "egress.482069346.prefix_list_ids.#": "0",
                            "egress.482069346.protocol": "-1",
                            "egress.482069346.security_groups.#": "0",
                            "egress.482069346.self": "false",
                            "egress.482069346.to_port": "0",
                            "id": "sg-03679c708cccade86",
                            "ingress.#": "3",
                            "ingress.2214680975.cidr_blocks.#": "1",
                            "ingress.2214680975.cidr_blocks.0": "0.0.0.0/0",
                            "ingress.2214680975.description": "",
                            "ingress.2214680975.from_port": "80",
                            "ingress.2214680975.ipv6_cidr_blocks.#": "0",
                            "ingress.2214680975.prefix_list_ids.#": "0",
                            "ingress.2214680975.protocol": "tcp",
                            "ingress.2214680975.security_groups.#": "0",
                            "ingress.2214680975.self": "false",
                            "ingress.2214680975.to_port": "80",
                            "ingress.2541437006.cidr_blocks.#": "1",
                            "ingress.2541437006.cidr_blocks.0": "0.0.0.0/0",
                            "ingress.2541437006.description": "",
                            "ingress.2541437006.from_port": "22",
                            "ingress.2541437006.ipv6_cidr_blocks.#": "0",
                            "ingress.2541437006.prefix_list_ids.#": "0",
                            "ingress.2541437006.protocol": "tcp",
                            "ingress.2541437006.security_groups.#": "0",
                            "ingress.2541437006.self": "false",
                            "ingress.2541437006.to_port": "22",
                            "ingress.2617001939.cidr_blocks.#": "1",
                            "ingress.2617001939.cidr_blocks.0": "0.0.0.0/0",
                            "ingress.2617001939.description": "",
                            "ingress.2617001939.from_port": "443",
                            "ingress.2617001939.ipv6_cidr_blocks.#": "0",
                            "ingress.2617001939.prefix_list_ids.#": "0",
                            "ingress.2617001939.protocol": "tcp",
                            "ingress.2617001939.security_groups.#": "0",
                            "ingress.2617001939.self": "false",
                            "ingress.2617001939.to_port": "443",
                            "name": "beacon-sg",
                            "owner_id": "443796347332",
                            "revoke_rules_on_delete": "false",
                            "tags.%": "0",
                            "vpc_id": "vpc-1056e96a"
                        },
                        "meta": {
                            "e2bfb730-ecaa-11e6-8f88-34363bc7c4c0": {
                                "create": 600000000000,
                                "delete": 600000000000
                            },
                            "schema_version": "1"
                        },
                        "tainted": false
                    },
                    "deposed": [],
                    "provider": ""
                },
                "cloudflare_record.beacon-dev": {
                    "type": "cloudflare_record",
                    "depends_on": [
                        "aws_eip.dev"
                    ],
                    "primary": {
                        "id": "21c016fd0ac4cf3c098e3eca7e062f7b",
                        "attributes": {
                            "created_on": "2019-02-12T10:45:21.305455Z",
                            "data.%": "0",
                            "domain": "fueled.engineering",
                            "hostname": "backend.beacon-dev.fueled.engineering",
                            "id": "21c016fd0ac4cf3c098e3eca7e062f7b",
                            "metadata.%": "3",
                            "metadata.auto_added": "false",
                            "metadata.managed_by_apps": "false",
                            "metadata.managed_by_argo_tunnel": "false",
                            "modified_on": "2019-02-12T10:45:21.305455Z",
                            "name": "backend.beacon-dev",
                            "priority": "0",
                            "proxiable": "true",
                            "proxied": "false",
                            "ttl": "1",
                            "type": "A",
                            "value": "52.55.107.165",
                            "zone_id": "d3acf0c70da10ed353c93e2c273811da"
                        },
                        "meta": {
                            "schema_version": "1"
                        },
                        "tainted": false
                    },
                    "deposed": [],
                    "provider": ""
                },
                "cloudflare_record.beacon-qa": {
                    "type": "cloudflare_record",
                    "depends_on": [
                        "aws_eip.dev"
                    ],
                    "primary": {
                        "id": "ebf8f8fa6d68bb21e8db1b12cdd2c73b",
                        "attributes": {
                            "created_on": "2019-02-12T10:45:20.841238Z",
                            "data.%": "0",
                            "domain": "fueled.engineering",
                            "hostname": "backend.beacon-qa.fueled.engineering",
                            "id": "ebf8f8fa6d68bb21e8db1b12cdd2c73b",
                            "metadata.%": "3",
                            "metadata.auto_added": "false",
                            "metadata.managed_by_apps": "false",
                            "metadata.managed_by_argo_tunnel": "false",
                            "modified_on": "2019-02-12T10:45:20.841238Z",
                            "name": "backend.beacon-qa",
                            "priority": "0",
                            "proxiable": "true",
                            "proxied": "false",
                            "ttl": "1",
                            "type": "A",
                            "value": "52.55.107.165",
                            "zone_id": "d3acf0c70da10ed353c93e2c273811da"
                        },
                        "meta": {
                            "schema_version": "1"
                        },
                        "tainted": false
                    },
                    "deposed": [],
                    "provider": ""
                }
            },
            "depends_on": []
        }
    ]
}
